
Microsoft Visual Studio Solution File, Format Version 12.00
# Visual Studio 15
VisualStudioVersion = 15.0.27004.2002
MinimumVisualStudioVersion = 10.0.40219.1
Project("{FAE04EC0-301F-11D3-BF4B-00C04F79EFBC}") = "TagTool", "TagTool\TagTool.csproj", "{088E442F-9B0C-446B-9E90-1DD2B6E50F51}"
EndProject
Global
	GlobalSection(SolutionConfigurationPlatforms) = preSolution
		Debug|Any CPU = Debug|Any CPU
		Release|Any CPU = Release|Any CPU
	EndGlobalSection
	GlobalSection(ProjectConfigurationPlatforms) = postSolution
		{088E442F-9B0C-446B-9E90-1DD2B6E50F51}.Debug|Any CPU.ActiveCfg = Debug|Any CPU
		{088E442F-9B0C-446B-9E90-1DD2B6E50F51}.Debug|Any CPU.Build.0 = Debug|Any CPU
		{088E442F-9B0C-446B-9E90-1DD2B6E50F51}.Release|Any CPU.ActiveCfg = Release|Any CPU
		{088E442F-9B0C-446B-9E90-1DD2B6E50F51}.Release|Any CPU.Build.0 = Release|Any CPU
	EndGlobalSection
	GlobalSection(SolutionProperties) = preSolution
		HideSolutionNode = FALSE
	EndGlobalSection
	GlobalSection(ExtensibilityGlobals) = postSolution
		SolutionGuid = {7185C3CB-0B36-46FC-86AE-4196B4FA673E}
	EndGlobalSection
EndGlobal
